// !$*UTF8*$!
{
	archiveVersion = 1;
	classes = {
	};
	objectVersion = 46;
	objects = {

/* Begin PBXBuildFile section */
		61454B741A60856200D17DF6 /* main.m in Sources */ = {isa = PBXBuildFile; fileRef = 61454B731A60856200D17DF6 /* main.m */; };
		61454B771A60856200D17DF6 /* AppDelegate.m in Sources */ = {isa = PBXBuildFile; fileRef = 61454B761A60856200D17DF6 /* AppDelegate.m */; };
		61454B7A1A60856200D17DF6 /* ViewController.m in Sources */ = {isa = PBXBuildFile; fileRef = 61454B791A60856200D17DF6 /* ViewController.m */; };
		61454B7D1A60856200D17DF6 /* Main.storyboard in Resources */ = {isa = PBXBuildFile; fileRef = 61454B7B1A60856200D17DF6 /* Main.storyboard */; };
		61454B7F1A60856200D17DF6 /* Images.xcassets in Resources */ = {isa = PBXBuildFile; fileRef = 61454B7E1A60856200D17DF6 /* Images.xcassets */; };
		61454B821A60856200D17DF6 /* LaunchScreen.xib in Resources */ = {isa = PBXBuildFile; fileRef = 61454B801A60856200D17DF6 /* LaunchScreen.xib */; };
		61454B8E1A60856200D17DF6 /* GotChargeTests.m in Sources */ = {isa = PBXBuildFile; fileRef = 61454B8D1A60856200D17DF6 /* GotChargeTests.m */; };
/* End PBXBuildFile section */

/* Begin PBXContainerItemProxy section */
		61454B881A60856200D17DF6 /* PBXContainerItemProxy */ = {
			isa = PBXContainerItemProxy;
			containerPortal = 61454B661A60856200D17DF6 /* Project object */;
			proxyType = 1;
			remoteGlobalIDString = 61454B6D1A60856200D17DF6;
			remoteInfo = GotCharge;
		};
/* End PBXContainerItemProxy section */

/* Begin PBXFileReference section */
		61454B6E1A60856200D17DF6 /* GotCharge.app */ = {isa = PBXFileReference; explicitFileType = wrapper.application; includeInIndex = 0; path = GotCharge.app; sourceTree = BUILT_PRODUCTS_DIR; };
		61454B721A60856200D17DF6 /* Info.plist */ = {isa = PBXFileReference; lastKnownFileType = text.plist.xml; path = Info.plist; sourceTree = "<group>"; };
		61454B731A60856200D17DF6 /* main.m */ = {isa = PBXFileReference; lastKnownFileType = sourcecode.c.objc; path = main.m; sourceTree = "<group>"; };
		61454B751A60856200D17DF6 /* AppDelegate.h */ = {isa = PBXFileReference; lastKnownFileType = sourcecode.c.h; path = AppDelegate.h; sourceTree = "<group>"; };
		61454B761A60856200D17DF6 /* AppDelegate.m */ = {isa = PBXFileReference; lastKnownFileType = sourcecode.c.objc; path = AppDelegate.m; sourceTree = "<group>"; };
		61454B781A60856200D17DF6 /* ViewController.h */ = {isa = PBXFileReference; lastKnownFileType = sourcecode.c.h; path = ViewController.h; sourceTree = "<group>"; };
		61454B791A60856200D17DF6 /* ViewController.m */ = {isa = PBXFileReference; lastKnownFileType = sourcecode.c.objc; path = ViewController.m; sourceTree = "<group>"; };
		61454B7C1A60856200D17DF6 /* Base */ = {isa = PBXFileReference; lastKnownFileType = file.storyboard; name = Base; path = Base.lproj/Main.storyboard; sourceTree = "<group>"; };
		61454B7E1A60856200D17DF6 /* Images.xcassets */ = {isa = PBXFileReference; lastKnownFileType = folder.assetcatalog; path = Images.xcassets; sourceTree = "<group>"; };
		61454B811A60856200D17DF6 /* Base */ = {isa = PBXFileReference; lastKnownFileType = file.xib; name = Base; path = Base.lproj/LaunchScreen.xib; sourceTree = "<group>"; };
		61454B871A60856200D17DF6 /* GotChargeTests.xctest */ = {isa = PBXFileReference; explicitFileType = wrapper.cfbundle; includeInIndex = 0; path = GotChargeTests.xctest; sourceTree = BUILT_PRODUCTS_DIR; };
		61454B8C1A60856200D17DF6 /* Info.plist */ = {isa = PBXFileReference; lastKnownFileType = text.plist.xml; path = Info.plist; sourceTree = "<group>"; };
		61454B8D1A60856200D17DF6 /* GotChargeTests.m */ = {isa = PBXFileReference; lastKnownFileType = sourcecode.c.objc; path = GotChargeTests.m; sourceTree = "<group>"; };
/* End PBXFileReference section */

/* Begin PBXFrameworksBuildPhase section */
		61454B6B1A60856200D17DF6 /* Frameworks */ = {
			isa = PBXFrameworksBuildPhase;
			buildActionMask = 2147483647;
			files = (
			);
			runOnlyForDeploymentPostprocessing = 0;
		};
		61454B841A60856200D17DF6 /* Frameworks */ = {
			isa = PBXFrameworksBuildPhase;
			buildActionMask = 2147483647;
			files = (
			);
			runOnlyForDeploymentPostprocessing = 0;
		};
/* End PBXFrameworksBuildPhase section */

/* Begin PBXGroup section */
		61454B651A60856200D17DF6 = {
			isa = PBXGroup;
			children = (
				61454B701A60856200D17DF6 /* GotCharge */,
				61454B8A1A60856200D17DF6 /* GotChargeTests */,
				61454B6F1A60856200D17DF6 /* Products */,
			);
			sourceTree = "<group>";
		};
		61454B6F1A60856200D17DF6 /* Products */ = {
			isa = PBXGroup;
			children = (
				61454B6E1A60856200D17DF6 /* GotCharge.app */,
				61454B871A60856200D17DF6 /* GotChargeTests.xctest */,
			);
			name = Products;
			sourceTree = "<group>";
		};
		61454B701A60856200D17DF6 /* GotCharge */ = {
			isa = PBXGroup;
			children = (
				61454B751A60856200D17DF6 /* AppDelegate.h */,
				61454B761A60856200D17DF6 /* AppDelegate.m */,
				61454B781A60856200D17DF6 /* ViewController.h */,
				61454B791A60856200D17DF6 /* ViewController.m */,
				61454B7B1A60856200D17DF6 /* Main.storyboard */,
				61454B7E1A60856200D17DF6 /* Images.xcassets */,
				61454B801A60856200D17DF6 /* LaunchScreen.xib */,
				61454B711A60856200D17DF6 /* Supporting Files */,
			);
			path = GotCharge;
			sourceTree = "<group>";
		};
		61454B711A60856200D17DF6 /* Supporting Files */ = {
			isa = PBXGroup;
			children = (
				61454B721A60856200D17DF6 /* Info.plist */,
				61454B731A60856200D17DF6 /* main.m */,
			);
			name = "Supporting Files";
			sourceTree = "<group>";
		};
		61454B8A1A60856200D17DF6 /* GotChargeTests */ = {
			isa = PBXGroup;
			children = (
				61454B8D1A60856200D17DF6 /* GotChargeTests.m */,
				61454B8B1A60856200D17DF6 /* Supporting Files */,
			);
			path = GotChargeTests;
			sourceTree = "<group>";
		};
		61454B8B1A60856200D17DF6 /* Supporting Files */ = {
			isa = PBXGroup;
			children = (
				61454B8C1A60856200D17DF6 /* Info.plist */,
			);
			name = "Supporting Files";
			sourceTree = "<group>";
		};
/* End PBXGroup section */

/* Begin PBXNativeTarget section */
		61454B6D1A60856200D17DF6 /* GotCharge */ = {
			isa = PBXNativeTarget;
			buildConfigurationList = 61454B911A60856200D17DF6 /* Build configuration list for PBXNativeTarget "GotCharge" */;
			buildPhases = (
				61454B6A1A60856200D17DF6 /* Sources */,
				61454B6B1A60856200D17DF6 /* Frameworks */,
				61454B6C1A60856200D17DF6 /* Resources */,
			);
			buildRules = (
			);
			dependencies = (
			);
			name = GotCharge;
			productName = GotCharge;
			productReference = 61454B6E1A60856200D17DF6 /* GotCharge.app */;
			productType = "com.apple.product-type.application";
		};
		61454B861A60856200D17DF6 /* GotChargeTests */ = {
			isa = PBXNativeTarget;
			buildConfigurationList = 61454B941A60856200D17DF6 /* Build configuration list for PBXNativeTarget "GotChargeTests" */;
			buildPhases = (
				61454B831A60856200D17DF6 /* Sources */,
				61454B841A60856200D17DF6 /* Frameworks */,
				61454B851A60856200D17DF6 /* Resources */,
			);
			buildRules = (
			);
			dependencies = (
				61454B891A60856200D17DF6 /* PBXTargetDependency */,
			);
			name = GotChargeTests;
			productName = GotChargeTests;
			productReference = 61454B871A60856200D17DF6 /* GotChargeTests.xctest */;
			productType = "com.apple.product-type.bundle.unit-test";
		};
/* End PBXNativeTarget section */

/* Begin PBXProject section */
		61454B661A60856200D17DF6 /* Project object */ = {
			isa = PBXProject;
			attributes = {
				LastUpgradeCheck = 0610;
				ORGANIZATIONNAME = appforcause;
				TargetAttributes = {
					61454B6D1A60856200D17DF6 = {
						CreatedOnToolsVersion = 6.1;
					};
					61454B861A60856200D17DF6 = {
						CreatedOnToolsVersion = 6.1;
						TestTargetID = 61454B6D1A60856200D17DF6;
					};
				};
			};
			buildConfigurationList = 61454B691A60856200D17DF6 /* Build configuration list for PBXProject "GotCharge" */;
			compatibilityVersion = "Xcode 3.2";
			developmentRegion = English;
			hasScannedForEncodings = 0;
			knownRegions = (
				en,
				Base,
			);
			mainGroup = 61454B651A60856200D17DF6;
			productRefGroup = 61454B6F1A60856200D17DF6 /* Products */;
			projectDirPath = "";
			projectRoot = "";
			targets = (
				61454B6D1A60856200D17DF6 /* GotCharge */,
				61454B861A60856200D17DF6 /* GotChargeTests */,
			);
		};
/* End PBXProject section */

/* Begin PBXResourcesBuildPhase section */
		61454B6C1A60856200D17DF6 /* Resources */ = {
			isa = PBXResourcesBuildPhase;
			buildActionMask = 2147483647;
			files = (
				61454B7D1A60856200D17DF6 /* Main.storyboard in Resources */,
				61454B821A60856200D17DF6 /* LaunchScreen.xib in Resources */,
				61454B7F1A60856200D17DF6 /* Images.xcassets in Resources */,
			);
			runOnlyForDeploymentPostprocessing = 0;
		};
		61454B851A60856200D17DF6 /* Resources */ = {
			isa = PBXResourcesBuildPhase;
			buildActionMask = 2147483647;
			files = (
			);
			runOnlyForDeploymentPostprocessing = 0;
		};
/* End PBXResourcesBuildPhase section */

/* Begin PBXSourcesBuildPhase section */
		61454B6A1A60856200D17DF6 /* Sources */ = {
			isa = PBXSourcesBuildPhase;
			buildActionMask = 2147483647;
			files = (
				61454B7A1A60856200D17DF6 /* ViewController.m in Sources */,
				61454B771A60856200D17DF6 /* AppDelegate.m in Sources */,
				61454B741A60856200D17DF6 /* main.m in Sources */,
			);
			runOnlyForDeploymentPostprocessing = 0;
		};
		61454B831A60856200D17DF6 /* Sources */ = {
			isa = PBXSourcesBuildPhase;
			buildActionMask = 2147483647;
			files = (
				61454B8E1A60856200D17DF6 /* GotChargeTests.m in Sources */,
			);
			runOnlyForDeploymentPostprocessing = 0;
		};
/* End PBXSourcesBuildPhase section */

/* Begin PBXTargetDependency section */
		61454B891A60856200D17DF6 /* PBXTargetDependency */ = {
			isa = PBXTargetDependency;
			target = 61454B6D1A60856200D17DF6 /* GotCharge */;
			targetProxy = 61454B881A60856200D17DF6 /* PBXContainerItemProxy */;
		};
/* End PBXTargetDependency section */

/* Begin PBXVariantGroup section */
		61454B7B1A60856200D17DF6 /* Main.storyboard */ = {
			isa = PBXVariantGroup;
			children = (
				61454B7C1A60856200D17DF6 /* Base */,
			);
			name = Main.storyboard;
			sourceTree = "<group>";
		};
		61454B801A60856200D17DF6 /* LaunchScreen.xib */ = {
			isa = PBXVariantGroup;
			children = (
				61454B811A60856200D17DF6 /* Base */,
			);
			name = LaunchScreen.xib;
			sourceTree = "<group>";
		};
/* End PBXVariantGroup section */

/* Begin XCBuildConfiguration section */
		61454B8F1A60856200D17DF6 /* Debug */ = {
			isa = XCBuildConfiguration;
			buildSettings = {
				ALWAYS_SEARCH_USER_PATHS = NO;
				CLANG_CXX_LANGUAGE_STANDARD = "gnu++0x";
				CLANG_CXX_LIBRARY = "libc++";
				CLANG_ENABLE_MODULES = YES;
				CLANG_ENABLE_OBJC_ARC = YES;
				CLANG_WARN_BOOL_CONVERSION = YES;
				CLANG_WARN_CONSTANT_CONVERSION = YES;
				CLANG_WARN_DIRECT_OBJC_ISA_USAGE = YES_ERROR;
				CLANG_WARN_EMPTY_BODY = YES;
				CLANG_WARN_ENUM_CONVERSION = YES;
				CLANG_WARN_INT_CONVERSION = YES;
				CLANG_WARN_OBJC_ROOT_CLASS = YES_ERROR;
				CLANG_WARN_UNREACHABLE_CODE = YES;
				CLANG_WARN__DUPLICATE_METHOD_MATCH = YES;
				"CODE_SIGN_IDENTITY[sdk=iphoneos*]" = "iPhone Developer";
				COPY_PHASE_STRIP = NO;
				ENABLE_STRICT_OBJC_MSGSEND = YES;
				GCC_C_LANGUAGE_STANDARD = gnu99;
				GCC_DYNAMIC_NO_PIC = NO;
				GCC_OPTIMIZATION_LEVEL = 0;
				GCC_PREPROCESSOR_DEFINITIONS = (
					"DEBUG=1",
					"$(inherited)",
				);
				GCC_SYMBOLS_PRIVATE_EXTERN = NO;
				GCC_WARN_64_TO_32_BIT_CONVERSION = YES;
				GCC_WARN_ABOUT_RETURN_TYPE = YES_ERROR;
				GCC_WARN_UNDECLARED_SELECTOR = YES;
				GCC_WARN_UNINITIALIZED_AUTOS = YES_AGGRESSIVE;
				GCC_WARN_UNUSED_FUNCTION = YES;
				GCC_WARN_UNUSED_VARIABLE = YES;
				IPHONEOS_DEPLOYMENT_TARGET = 8.1;
				MTL_ENABLE_DEBUG_INFO = YES;
				ONLY_ACTIVE_ARCH = YES;
				SDKROOT = iphoneos;
			};
			name = Debug;
		};
		61454B901A60856200D17DF6 /* Release */ = {
			isa = XCBuildConfiguration;
			buildSettings = {
				ALWAYS_SEARCH_USER_PATHS = NO;
				CLANG_CXX_LANGUAGE_STANDARD = "gnu++0x";
				CLANG_CXX_LIBRARY = "libc++";
				CLANG_ENABLE_MODULES = YES;
				CLANG_ENABLE_OBJC_ARC = YES;
				CLANG_WARN_BOOL_CONVERSION = YES;
				CLANG_WARN_CONSTANT_CONVERSION = YES;
				CLANG_WARN_DIRECT_OBJC_ISA_USAGE = YES_ERROR;
				CLANG_WARN_EMPTY_BODY = YES;
				CLANG_WARN_ENUM_CONVERSION = YES;
				CLANG_WARN_INT_CONVERSION = YES;
				CLANG_WARN_OBJC_ROOT_CLASS = YES_ERROR;
				CLANG_WARN_UNREACHABLE_CODE = YES;
				CLANG_WARN__DUPLICATE_METHOD_MATCH = YES;
				"CODE_SIGN_IDENTITY[sdk=iphoneos*]" = "iPhone Developer";
				COPY_PHASE_STRIP = YES;
				ENABLE_NS_ASSERTIONS = NO;
				ENABLE_STRICT_OBJC_MSGSEND = YES;
				GCC_C_LANGUAGE_STANDARD = gnu99;
				GCC_WARN_64_TO_32_BIT_CONVERSION = YES;
				GCC_WARN_ABOUT_RETURN_TYPE = YES_ERROR;
				GCC_WARN_UNDECLARED_SELECTOR = YES;
				GCC_WARN_UNINITIALIZED_AUTOS = YES_AGGRESSIVE;
				GCC_WARN_UNUSED_FUNCTION = YES;
				GCC_WARN_UNUSED_VARIABLE = YES;
				IPHONEOS_DEPLOYMENT_TARGET = 8.1;
				MTL_ENABLE_DEBUG_INFO = NO;
				SDKROOT = iphoneos;
				VALIDATE_PRODUCT = YES;
			};
			name = Release;
		};
		61454B921A60856200D17DF6 /* Debug */ = {
			isa = XCBuildConfiguration;
			buildSettings = {
				ASSETCATALOG_COMPILER_APPICON_NAME = AppIcon;
				INFOPLIST_FILE = GotCharge/Info.plist;
				LD_RUNPATH_SEARCH_PATHS = "$(inherited) @executable_path/Frameworks";
				PRODUCT_NAME = "$(TARGET_NAME)";
			};
			name = Debug;
		};
		61454B931A60856200D17DF6 /* Release */ = {
			isa = XCBuildConfiguration;
			buildSettings = {
				ASSETCATALOG_COMPILER_APPICON_NAME = AppIcon;
				INFOPLIST_FILE = GotCharge/Info.plist;
				LD_RUNPATH_SEARCH_PATHS = "$(inherited) @executable_path/Frameworks";
				PRODUCT_NAME = "$(TARGET_NAME)";
			};
			name = Release;
		};
		61454B951A60856200D17DF6 /* Debug */ = {
			isa = XCBuildConfiguration;
			buildSettings = {
				BUNDLE_LOADER = "$(TEST_HOST)";
				FRAMEWORK_SEARCH_PATHS = (
					"$(SDKROOT)/Developer/Library/Frameworks",
					"$(inherited)",
				);
				GCC_PREPROCESSOR_DEFINITIONS = (
					"DEBUG=1",
					"$(inherited)",
				);
				INFOPLIST_FILE = GotChargeTests/Info.plist;
				LD_RUNPATH_SEARCH_PATHS = "$(inherited) @executable_path/Frameworks @loader_path/Frameworks";
				PRODUCT_NAME = "$(TARGET_NAME)";
				TEST_HOST = "$(BUILT_PRODUCTS_DIR)/GotCharge.app/GotCharge";
			};
			name = Debug;
		};
		61454B961A60856200D17DF6 /* Release */ = {
			isa = XCBuildConfiguration;
			buildSettings = {
				BUNDLE_LOADER = "$(TEST_HOST)";
				FRAMEWORK_SEARCH_PATHS = (
					"$(SDKROOT)/Developer/Library/Frameworks",
					"$(inherited)",
				);
				INFOPLIST_FILE = GotChargeTests/Info.plist;
				LD_RUNPATH_SEARCH_PATHS = "$(inherited) @executable_path/Frameworks @loader_path/Frameworks";
				PRODUCT_NAME = "$(TARGET_NAME)";
				TEST_HOST = "$(BUILT_PRODUCTS_DIR)/GotCharge.app/GotCharge";
			};
			name = Release;
		};
/* End XCBuildConfiguration section */

/* Begin XCConfigurationList section */
		61454B691A60856200D17DF6 /* Build configuration list for PBXProject "GotCharge" */ = {
			isa = XCConfigurationList;
			buildConfigurations = (
				61454B8F1A60856200D17DF6 /* Debug */,
				61454B901A60856200D17DF6 /* Release */,
			);
			defaultConfigurationIsVisible = 0;
			defaultConfigurationName = Release;
		};
		61454B911A60856200D17DF6 /* Build configuration list for PBXNativeTarget "GotCharge" */ = {
			isa = XCConfigurationList;
			buildConfigurations = (
				61454B921A60856200D17DF6 /* Debug */,
				61454B931A60856200D17DF6 /* Release */,
			);
			defaultConfigurationIsVisible = 0;
		};
		61454B941A60856200D17DF6 /* Build configuration list for PBXNativeTarget "GotChargeTests" */ = {
			isa = XCConfigurationList;
			buildConfigurations = (
				61454B951A60856200D17DF6 /* Debug */,
				61454B961A60856200D17DF6 /* Release */,
			);
			defaultConfigurationIsVisible = 0;
		};
/* End XCConfigurationList section */
	};
	rootObject = 61454B661A60856200D17DF6 /* Project object */;
}
